
Microsoft Visual Studio Solution File, Format Version 12.00
# Visual Studio 2015
Project("{FAE04EC0-301F-11D3-BF4B-00C04F79EFBC}") = "PointForUnity", "PointForUnity.csproj", "{B590CF3C-487F-FA4F-AEA4-F86EE9F9469E}"
EndProject
Project("{FAE04EC0-301F-11D3-BF4B-00C04F79EFBC}") = "PointForUnity.Editor", "PointForUnity.Editor.csproj", "{D53F2253-05BD-DD05-946A-D46726203FFA}"
EndProject
Global
	GlobalSection(SolutionConfigurationPlatforms) = preSolution
		Debug|Any CPU = Debug|Any CPU
		Release|Any CPU = Release|Any CPU
	EndGlobalSection
	GlobalSection(ProjectConfigurationPlatforms) = postSolution
		{B590CF3C-487F-FA4F-AEA4-F86EE9F9469E}.Debug|Any CPU.ActiveCfg = Debug|Any CPU
		{B590CF3C-487F-FA4F-AEA4-F86EE9F9469E}.Debug|Any CPU.Build.0 = Debug|Any CPU
		{B590CF3C-487F-FA4F-AEA4-F86EE9F9469E}.Release|Any CPU.ActiveCfg = Release|Any CPU
		{B590CF3C-487F-FA4F-AEA4-F86EE9F9469E}.Release|Any CPU.Build.0 = Release|Any CPU
		{D53F2253-05BD-DD05-946A-D46726203FFA}.Debug|Any CPU.ActiveCfg = Debug|Any CPU
		{D53F2253-05BD-DD05-946A-D46726203FFA}.Debug|Any CPU.Build.0 = Debug|Any CPU
		{D53F2253-05BD-DD05-946A-D46726203FFA}.Release|Any CPU.ActiveCfg = Release|Any CPU
		{D53F2253-05BD-DD05-946A-D46726203FFA}.Release|Any CPU.Build.0 = Release|Any CPU
	EndGlobalSection
	GlobalSection(SolutionProperties) = preSolution
		HideSolutionNode = FALSE
	EndGlobalSection
EndGlobal
